// !$*UTF8*$!
{
	archiveVersion = 1;
	classes = {
	};
	objectVersion = 55;
	objects = {

/* Begin PBXBuildFile section */
		75FFBBC32864ED4700AF3657 /* main.cpp in Sources */ = {isa = PBXBuildFile; fileRef = 75FFBBC22864ED4700AF3657 /* main.cpp */; };
		75FFBBCB2864ED7000AF3657 /* getport.cpp in Sources */ = {isa = PBXBuildFile; fileRef = 75FFBBC92864ED7000AF3657 /* getport.cpp */; };
/* End PBXBuildFile section */

/* Begin PBXCopyFilesBuildPhase section */
		75FFBBBD2864ED4700AF3657 /* CopyFiles */ = {
			isa = PBXCopyFilesBuildPhase;
			buildActionMask = 2147483647;
			dstPath = /usr/share/man/man1/;
			dstSubfolderSpec = 0;
			files = (
			);
			runOnlyForDeploymentPostprocessing = 1;
		};
/* End PBXCopyFilesBuildPhase section */

/* Begin PBXFileReference section */
		75BE27ED286F980100B521F8 /* WG_decentr_hostDebug.entitlements */ = {isa = PBXFileReference; lastKnownFileType = text.plist.entitlements; path = WG_decentr_hostDebug.entitlements; sourceTree = "<group>"; };
		75BE27EE286FA48B00B521F8 /* WG_decentr_host.entitlements */ = {isa = PBXFileReference; lastKnownFileType = text.plist.entitlements; path = WG_decentr_host.entitlements; sourceTree = "<group>"; };
		75FFBBBF2864ED4700AF3657 /* WG_decentr_host */ = {isa = PBXFileReference; explicitFileType = "compiled.mach-o.executable"; includeInIndex = 0; path = WG_decentr_host; sourceTree = BUILT_PRODUCTS_DIR; };
		75FFBBC22864ED4700AF3657 /* main.cpp */ = {isa = PBXFileReference; lastKnownFileType = sourcecode.cpp.cpp; path = main.cpp; sourceTree = "<group>"; };
		75FFBBC92864ED7000AF3657 /* getport.cpp */ = {isa = PBXFileReference; lastKnownFileType = sourcecode.cpp.cpp; path = getport.cpp; sourceTree = "<group>"; };
		75FFBBCA2864ED7000AF3657 /* getport.hpp */ = {isa = PBXFileReference; lastKnownFileType = sourcecode.cpp.h; path = getport.hpp; sourceTree = "<group>"; };
		75FFBBCC2864ED9700AF3657 /* json.hpp */ = {isa = PBXFileReference; fileEncoding = 4; lastKnownFileType = sourcecode.cpp.h; path = json.hpp; sourceTree = "<group>"; };
/* End PBXFileReference section */

/* Begin PBXFrameworksBuildPhase section */
		75FFBBBC2864ED4700AF3657 /* Frameworks */ = {
			isa = PBXFrameworksBuildPhase;
			buildActionMask = 2147483647;
			files = (
			);
			runOnlyForDeploymentPostprocessing = 0;
		};
/* End PBXFrameworksBuildPhase section */

/* Begin PBXGroup section */
		75FFBBB62864ED4700AF3657 = {
			isa = PBXGroup;
			children = (
				75FFBBC12864ED4700AF3657 /* WG_decentr_host */,
				75FFBBC02864ED4700AF3657 /* Products */,
			);
			sourceTree = "<group>";
		};
		75FFBBC02864ED4700AF3657 /* Products */ = {
			isa = PBXGroup;
			children = (
				75FFBBBF2864ED4700AF3657 /* WG_decentr_host */,
			);
			name = Products;
			sourceTree = "<group>";
		};
		75FFBBC12864ED4700AF3657 /* WG_decentr_host */ = {
			isa = PBXGroup;
			children = (
				75BE27EE286FA48B00B521F8 /* WG_decentr_host.entitlements */,
				75BE27ED286F980100B521F8 /* WG_decentr_hostDebug.entitlements */,
				75FFBBCC2864ED9700AF3657 /* json.hpp */,
				75FFBBC22864ED4700AF3657 /* main.cpp */,
				75FFBBC92864ED7000AF3657 /* getport.cpp */,
				75FFBBCA2864ED7000AF3657 /* getport.hpp */,
			);
			path = WG_decentr_host;
			sourceTree = "<group>";
		};
/* End PBXGroup section */

/* Begin PBXNativeTarget section */
		75FFBBBE2864ED4700AF3657 /* WG_decentr_host */ = {
			isa = PBXNativeTarget;
			buildConfigurationList = 75FFBBC62864ED4700AF3657 /* Build configuration list for PBXNativeTarget "WG_decentr_host" */;
			buildPhases = (
				75FFBBBB2864ED4700AF3657 /* Sources */,
				75FFBBBC2864ED4700AF3657 /* Frameworks */,
				75FFBBBD2864ED4700AF3657 /* CopyFiles */,
			);
			buildRules = (
			);
			dependencies = (
			);
			name = WG_decentr_host;
			productName = WG_decentr_host;
			productReference = 75FFBBBF2864ED4700AF3657 /* WG_decentr_host */;
			productType = "com.apple.product-type.tool";
		};
/* End PBXNativeTarget section */

/* Begin PBXProject section */
		75FFBBB72864ED4700AF3657 /* Project object */ = {
			isa = PBXProject;
			attributes = {
				BuildIndependentTargetsInParallel = 1;
				LastUpgradeCheck = 1330;
				TargetAttributes = {
					75FFBBBE2864ED4700AF3657 = {
						CreatedOnToolsVersion = 13.3.1;
					};
				};
			};
			buildConfigurationList = 75FFBBBA2864ED4700AF3657 /* Build configuration list for PBXProject "WG_decentr_host" */;
			compatibilityVersion = "Xcode 13.0";
			developmentRegion = en;
			hasScannedForEncodings = 0;
			knownRegions = (
				en,
				Base,
			);
			mainGroup = 75FFBBB62864ED4700AF3657;
			productRefGroup = 75FFBBC02864ED4700AF3657 /* Products */;
			projectDirPath = "";
			projectRoot = "";
			targets = (
				75FFBBBE2864ED4700AF3657 /* WG_decentr_host */,
			);
		};
/* End PBXProject section */

/* Begin PBXSourcesBuildPhase section */
		75FFBBBB2864ED4700AF3657 /* Sources */ = {
			isa = PBXSourcesBuildPhase;
			buildActionMask = 2147483647;
			files = (
				75FFBBC32864ED4700AF3657 /* main.cpp in Sources */,
				75FFBBCB2864ED7000AF3657 /* getport.cpp in Sources */,
			);
			runOnlyForDeploymentPostprocessing = 0;
		};
/* End PBXSourcesBuildPhase section */

/* Begin XCBuildConfiguration section */
		75FFBBC42864ED4700AF3657 /* Debug */ = {
			isa = XCBuildConfiguration;
			buildSettings = {
				ALWAYS_SEARCH_USER_PATHS = NO;
				CLANG_ANALYZER_NONNULL = YES;
				CLANG_ANALYZER_NUMBER_OBJECT_CONVERSION = YES_AGGRESSIVE;
				CLANG_CXX_LANGUAGE_STANDARD = "gnu++17";
				CLANG_ENABLE_MODULES = YES;
				CLANG_ENABLE_OBJC_ARC = YES;
				CLANG_ENABLE_OBJC_WEAK = YES;
				CLANG_WARN_BLOCK_CAPTURE_AUTORELEASING = YES;
				CLANG_WARN_BOOL_CONVERSION = YES;
				CLANG_WARN_COMMA = YES;
				CLANG_WARN_CONSTANT_CONVERSION = YES;
				CLANG_WARN_DEPRECATED_OBJC_IMPLEMENTATIONS = YES;
				CLANG_WARN_DIRECT_OBJC_ISA_USAGE = YES_ERROR;
				CLANG_WARN_DOCUMENTATION_COMMENTS = YES;
				CLANG_WARN_EMPTY_BODY = YES;
				CLANG_WARN_ENUM_CONVERSION = YES;
				CLANG_WARN_INFINITE_RECURSION = YES;
				CLANG_WARN_INT_CONVERSION = YES;
				CLANG_WARN_NON_LITERAL_NULL_CONVERSION = YES;
				CLANG_WARN_OBJC_IMPLICIT_RETAIN_SELF = YES;
				CLANG_WARN_OBJC_LITERAL_CONVERSION = YES;
				CLANG_WARN_OBJC_ROOT_CLASS = YES_ERROR;
				CLANG_WARN_QUOTED_INCLUDE_IN_FRAMEWORK_HEADER = YES;
				CLANG_WARN_RANGE_LOOP_ANALYSIS = YES;
				CLANG_WARN_STRICT_PROTOTYPES = YES;
				CLANG_WARN_SUSPICIOUS_MOVE = YES;
				CLANG_WARN_UNGUARDED_AVAILABILITY = YES_AGGRESSIVE;
				CLANG_WARN_UNREACHABLE_CODE = YES;
				CLANG_WARN__DUPLICATE_METHOD_MATCH = YES;
				COPY_PHASE_STRIP = NO;
				DEBUG_INFORMATION_FORMAT = dwarf;
				ENABLE_STRICT_OBJC_MSGSEND = YES;
				ENABLE_TESTABILITY = YES;
				GCC_C_LANGUAGE_STANDARD = gnu11;
				GCC_DYNAMIC_NO_PIC = NO;
				GCC_NO_COMMON_BLOCKS = YES;
				GCC_OPTIMIZATION_LEVEL = 0;
				GCC_PREPROCESSOR_DEFINITIONS = (
					"DEBUG=1",
					"$(inherited)",
				);
				GCC_WARN_64_TO_32_BIT_CONVERSION = YES;
				GCC_WARN_ABOUT_RETURN_TYPE = YES_ERROR;
				GCC_WARN_UNDECLARED_SELECTOR = YES;
				GCC_WARN_UNINITIALIZED_AUTOS = YES_AGGRESSIVE;
				GCC_WARN_UNUSED_FUNCTION = YES;
				GCC_WARN_UNUSED_VARIABLE = YES;
				MACOSX_DEPLOYMENT_TARGET = 12.3;
				MTL_ENABLE_DEBUG_INFO = INCLUDE_SOURCE;
				MTL_FAST_MATH = YES;
				ONLY_ACTIVE_ARCH = YES;
				SDKROOT = macosx;
			};
			name = Debug;
		};
		75FFBBC52864ED4700AF3657 /* Release */ = {
			isa = XCBuildConfiguration;
			buildSettings = {
				ALWAYS_SEARCH_USER_PATHS = NO;
				CLANG_ANALYZER_NONNULL = YES;
				CLANG_ANALYZER_NUMBER_OBJECT_CONVERSION = YES_AGGRESSIVE;
				CLANG_CXX_LANGUAGE_STANDARD = "gnu++17";
				CLANG_ENABLE_MODULES = YES;
				CLANG_ENABLE_OBJC_ARC = YES;
				CLANG_ENABLE_OBJC_WEAK = YES;
				CLANG_WARN_BLOCK_CAPTURE_AUTORELEASING = YES;
				CLANG_WARN_BOOL_CONVERSION = YES;
				CLANG_WARN_COMMA = YES;
				CLANG_WARN_CONSTANT_CONVERSION = YES;
				CLANG_WARN_DEPRECATED_OBJC_IMPLEMENTATIONS = YES;
				CLANG_WARN_DIRECT_OBJC_ISA_USAGE = YES_ERROR;
				CLANG_WARN_DOCUMENTATION_COMMENTS = YES;
				CLANG_WARN_EMPTY_BODY = YES;
				CLANG_WARN_ENUM_CONVERSION = YES;
				CLANG_WARN_INFINITE_RECURSION = YES;
				CLANG_WARN_INT_CONVERSION = YES;
				CLANG_WARN_NON_LITERAL_NULL_CONVERSION = YES;
				CLANG_WARN_OBJC_IMPLICIT_RETAIN_SELF = YES;
				CLANG_WARN_OBJC_LITERAL_CONVERSION = YES;
				CLANG_WARN_OBJC_ROOT_CLASS = YES_ERROR;
				CLANG_WARN_QUOTED_INCLUDE_IN_FRAMEWORK_HEADER = YES;
				CLANG_WARN_RANGE_LOOP_ANALYSIS = YES;
				CLANG_WARN_STRICT_PROTOTYPES = YES;
				CLANG_WARN_SUSPICIOUS_MOVE = YES;
				CLANG_WARN_UNGUARDED_AVAILABILITY = YES_AGGRESSIVE;
				CLANG_WARN_UNREACHABLE_CODE = YES;
				CLANG_WARN__DUPLICATE_METHOD_MATCH = YES;
				COPY_PHASE_STRIP = NO;
				DEBUG_INFORMATION_FORMAT = "dwarf-with-dsym";
				ENABLE_NS_ASSERTIONS = NO;
				ENABLE_STRICT_OBJC_MSGSEND = YES;
				GCC_C_LANGUAGE_STANDARD = gnu11;
				GCC_NO_COMMON_BLOCKS = YES;
				GCC_WARN_64_TO_32_BIT_CONVERSION = YES;
				GCC_WARN_ABOUT_RETURN_TYPE = YES_ERROR;
				GCC_WARN_UNDECLARED_SELECTOR = YES;
				GCC_WARN_UNINITIALIZED_AUTOS = YES_AGGRESSIVE;
				GCC_WARN_UNUSED_FUNCTION = YES;
				GCC_WARN_UNUSED_VARIABLE = YES;
				MACOSX_DEPLOYMENT_TARGET = 12.3;
				MTL_ENABLE_DEBUG_INFO = NO;
				MTL_FAST_MATH = YES;
				SDKROOT = macosx;
			};
			name = Release;
		};
		75FFBBC72864ED4700AF3657 /* Debug */ = {
			isa = XCBuildConfiguration;
			buildSettings = {
				CODE_SIGN_ENTITLEMENTS = WG_decentr_host/WG_decentr_hostDebug.entitlements;
				CODE_SIGN_IDENTITY = "Apple Development";
				CODE_SIGN_INJECT_BASE_ENTITLEMENTS = YES;
				CODE_SIGN_STYLE = Automatic;
				DEVELOPMENT_TEAM = 6FTDXZ346N;
				ENABLE_HARDENED_RUNTIME = YES;
				MACOSX_DEPLOYMENT_TARGET = 11.0;
				ONLY_ACTIVE_ARCH = YES;
				OTHER_CODE_SIGN_FLAGS = " --timestamp ";
				PRODUCT_BUNDLE_IDENTIFIER = decentr.wg.com;
				PRODUCT_NAME = "$(TARGET_NAME)";
				PROVISIONING_PROFILE_SPECIFIER = "";
			};
			name = Debug;
		};
		75FFBBC82864ED4700AF3657 /* Release */ = {
			isa = XCBuildConfiguration;
			buildSettings = {
				CODE_SIGN_ENTITLEMENTS = WG_decentr_host/WG_decentr_host.entitlements;
				CODE_SIGN_IDENTITY = "Developer ID Application";
				CODE_SIGN_INJECT_BASE_ENTITLEMENTS = NO;
				CODE_SIGN_STYLE = Manual;
				DEVELOPMENT_TEAM = 6FTDXZ346N;
				ENABLE_HARDENED_RUNTIME = YES;
				MACOSX_DEPLOYMENT_TARGET = 11.0;
				ONLY_ACTIVE_ARCH = YES;
				OTHER_CODE_SIGN_FLAGS = " --timestamp ";
				PRODUCT_BUNDLE_IDENTIFIER = "com.decentr.wg-host";
				PRODUCT_NAME = "$(TARGET_NAME)";
				PROVISIONING_PROFILE_SPECIFIER = "";
			};
			name = Release;
		};
/* End XCBuildConfiguration section */

/* Begin XCConfigurationList section */
		75FFBBBA2864ED4700AF3657 /* Build configuration list for PBXProject "WG_decentr_host" */ = {
			isa = XCConfigurationList;
			buildConfigurations = (
				75FFBBC42864ED4700AF3657 /* Debug */,
				75FFBBC52864ED4700AF3657 /* Release */,
			);
			defaultConfigurationIsVisible = 0;
			defaultConfigurationName = Release;
		};
		75FFBBC62864ED4700AF3657 /* Build configuration list for PBXNativeTarget "WG_decentr_host" */ = {
			isa = XCConfigurationList;
			buildConfigurations = (
				75FFBBC72864ED4700AF3657 /* Debug */,
				75FFBBC82864ED4700AF3657 /* Release */,
			);
			defaultConfigurationIsVisible = 0;
			defaultConfigurationName = Release;
		};
/* End XCConfigurationList section */
	};
	rootObject = 75FFBBB72864ED4700AF3657 /* Project object */;
}
